# This file is automatically @generated by Poetry 1.4.2 and should not be changed by hand.

[[package]]
name = "aoc-utils"
version = "0.8.5"
description = ""
category = "main"
optional = false
python-versions = ">=3.7,<4.0"
files = []
develop = false

[package.source]
type = "directory"
url = "../advent-of-code/aoc-utils"

[metadata]
lock-version = "2.0"
python-versions = "^3.11"
content-hash = "c5c5acf6401bdea9949127a341b2c130cec0cd3c717e8763ec0ef83d8b99053e"
